
Microsoft Visual Studio Solution File, Format Version 12.00
# Visual Studio Version 17
VisualStudioVersion = 17.4.33213.308
MinimumVisualStudioVersion = 10.0.40219.1
Project("{9A19103F-16F7-4668-BE54-9A1E7A4F7556}") = "PROYECTOEF", "PROYECTOEF.csproj", "{890E0949-86F3-4A10-BC97-B3E8499BBF7F}"
EndProject
Global
	GlobalSection(SolutionConfigurationPlatforms) = preSolution
		Debug|Any CPU = Debug|Any CPU
		Release|Any CPU = Release|Any CPU
	EndGlobalSection
	GlobalSection(ProjectConfigurationPlatforms) = postSolution
		{890E0949-86F3-4A10-BC97-B3E8499BBF7F}.Debug|Any CPU.ActiveCfg = Debug|Any CPU
		{890E0949-86F3-4A10-BC97-B3E8499BBF7F}.Debug|Any CPU.Build.0 = Debug|Any CPU
		{890E0949-86F3-4A10-BC97-B3E8499BBF7F}.Release|Any CPU.ActiveCfg = Release|Any CPU
		{890E0949-86F3-4A10-BC97-B3E8499BBF7F}.Release|Any CPU.Build.0 = Release|Any CPU
	EndGlobalSection
	GlobalSection(SolutionProperties) = preSolution
		HideSolutionNode = FALSE
	EndGlobalSection
	GlobalSection(ExtensibilityGlobals) = postSolution
		SolutionGuid = {6E130F33-127E-404B-8C55-A4648EA71A8A}
	EndGlobalSection
EndGlobal
